<?xml version="1.0" encoding="utf-8"?>
<Project ToolsVersion="4.0" xmlns="http://schemas.microsoft.com/developer/msbuild/2003">
  <ItemGroup>
    <Filter Include="Quelldateien">
      <UniqueIdentifier>{4FC737F1-C7A5-4376-A066-2A32D752A2FF}</UniqueIdentifier>
      <Extensions>cpp;c;cc;cxx;c++;cppm;ixx;def;odl;idl;hpj;bat;asm;asmx</Extensions>
    </Filter>
    <Filter Include="Headerdateien">
      <UniqueIdentifier>{93995380-89BD-4b04-88EB-625FBE52EBFB}</UniqueIdentifier>
      <Extensions>h;hh;hpp;hxx;h++;hm;inl;inc;ipp;xsd</Extensions>
    </Filter>
    <Filter Include="Ressourcendateien">
      <UniqueIdentifier>{67DA6AB6-F800-4c08-8B7A-83BB121AAD01}</UniqueIdentifier>
      <Extensions>rc;ico;cur;bmp;dlg;rc2;rct;bin;rgs;gif;jpg;jpeg;jpe;resx;tiff;tif;png;wav;mfcribbon-ms</Extensions>
    </Filter>
    <Filter Include="Quelldateien\Core">
      <UniqueIdentifier>{5d93b06b-3441-4a63-b3b6-f0aa890cbae2}</UniqueIdentifier>
    </Filter>
    <Filter Include="Headerdateien\Core">
      <UniqueIdentifier>{22fed5cc-187a-44ac-90f1-cafb5fbc60a0}</UniqueIdentifier>
    </Filter>
  </ItemGroup>
  <ItemGroup>
    <ClInclude Include="Log.h">
      <Filter>Headerdateien\Core</Filter>
    </ClInclude>
    <ClInclude Include="Paths.h">
      <Filter>Headerdateien\Core</Filter>
    </ClInclude>
    <ClInclude Include="Addon.h">
      <Filter>Headerdateien\Core</Filter>
    </ClInclude>
    <ClInclude Include="Config.h">
      <Filter>Headerdateien\Core</Filter>
    </ClInclude>
    <ClInclude Include="ini.h">
      <Filter>Headerdateien\Core</Filter>
    </ClInclude>
    <ClInclude Include="Runtime.h">
      <Filter>Headerdateien\Core</Filter>
    </ClInclude>
    <ClInclude Include="IL2cppAPI.h">
      <Filter>Headerdateien\Core</Filter>
    </ClInclude>
    <ClInclude Include="SocketResolver.h">
      <Filter>Headerdateien\Core</Filter>
    </ClInclude>
    <ClInclude Include="SocketPatcher.h">
      <Filter>Headerdateien\Core</Filter>
    </ClInclude>
    <ClInclude Include="FilterProbe.h">
      <Filter>Headerdateien\Core</Filter>
    </ClInclude>
    <ClInclude Include="HookManager.h">
      <Filter>Headerdateien\Core</Filter>
    </ClInclude>
    <ClInclude Include="FilterHook.h">
      <Filter>Headerdateien\Core</Filter>
    </ClInclude>
  </ItemGroup>
  <ItemGroup>
    <ClCompile Include="dllmain.cpp">
      <Filter>Quelldateien</Filter>
    </ClCompile>
    <ClCompile Include="Addon.cpp">
      <Filter>Quelldateien\Core</Filter>
    </ClCompile>
    <ClCompile Include="Paths.cpp">
      <Filter>Quelldateien\Core</Filter>
    </ClCompile>
    <ClCompile Include="Config.cpp">
      <Filter>Quelldateien\Core</Filter>
    </ClCompile>
    <ClCompile Include="ini.cpp">
      <Filter>Quelldateien\Core</Filter>
    </ClCompile>
    <ClCompile Include="Runtime.cpp">
      <Filter>Quelldateien\Core</Filter>
    </ClCompile>
    <ClCompile Include="IL2cppAPI.cpp">
      <Filter>Quelldateien\Core</Filter>
    </ClCompile>
    <ClCompile Include="SocketResolver.cpp">
      <Filter>Quelldateien\Core</Filter>
    </ClCompile>
    <ClCompile Include="SocketPatcher.cpp">
      <Filter>Quelldateien\Core</Filter>
    </ClCompile>
    <ClCompile Include="FilterProbe.cpp">
      <Filter>Quelldateien\Core</Filter>
    </ClCompile>
    <ClCompile Include="HookManager.cpp">
      <Filter>Quelldateien\Core</Filter>
    </ClCompile>
    <ClCompile Include="FilterHook.cpp">
      <Filter>Quelldateien\Core</Filter>
    </ClCompile>
  </ItemGroup>
</Project>